
Microsoft Visual Studio Solution File, Format Version 12.00
Project("{FAE04EC0-301F-11D3-BF4B-00C04F79EFBC}") = "GitHubPackageSample", "GitHubPackageSample.csproj", "{F832AAF3-3E30-4998-9FEA-41FEE414CDEF}"
EndProject
Global
	GlobalSection(SolutionConfigurationPlatforms) = preSolution
		Debug|Any CPU = Debug|Any CPU
		Release|Any CPU = Release|Any CPU
	EndGlobalSection
	GlobalSection(ProjectConfigurationPlatforms) = postSolution
		{F832AAF3-3E30-4998-9FEA-41FEE414CDEF}.Debug|Any CPU.ActiveCfg = Debug|Any CPU
		{F832AAF3-3E30-4998-9FEA-41FEE414CDEF}.Debug|Any CPU.Build.0 = Debug|Any CPU
		{F832AAF3-3E30-4998-9FEA-41FEE414CDEF}.Release|Any CPU.ActiveCfg = Release|Any CPU
		{F832AAF3-3E30-4998-9FEA-41FEE414CDEF}.Release|Any CPU.Build.0 = Release|Any CPU
	EndGlobalSection
EndGlobal
